
Microsoft Visual Studio Solution File, Format Version 12.00
# Visual Studio 15
VisualStudioVersion = 15.0.27703.2047
MinimumVisualStudioVersion = 10.0.40219.1
Project("{9A19103F-16F7-4668-BE54-9A1E7A4F7556}") = "BC.NPP.Nlkl.Optional.Tests", "BC.NPP.Nlkl.Optional.Tests\BC.NPP.Nlkl.Optional.Tests.csproj", "{7BCF4276-8611-48E4-BF30-E7DA07CF404D}"
EndProject
Global
	GlobalSection(SolutionConfigurationPlatforms) = preSolution
		Debug|Any CPU = Debug|Any CPU
		Release|Any CPU = Release|Any CPU
	EndGlobalSection
	GlobalSection(ProjectConfigurationPlatforms) = postSolution
		{7BCF4276-8611-48E4-BF30-E7DA07CF404D}.Debug|Any CPU.ActiveCfg = Debug|Any CPU
		{7BCF4276-8611-48E4-BF30-E7DA07CF404D}.Debug|Any CPU.Build.0 = Debug|Any CPU
		{7BCF4276-8611-48E4-BF30-E7DA07CF404D}.Release|Any CPU.ActiveCfg = Release|Any CPU
		{7BCF4276-8611-48E4-BF30-E7DA07CF404D}.Release|Any CPU.Build.0 = Release|Any CPU
	EndGlobalSection
	GlobalSection(SolutionProperties) = preSolution
		HideSolutionNode = FALSE
	EndGlobalSection
	GlobalSection(ExtensibilityGlobals) = postSolution
		SolutionGuid = {E64EF0E8-5DE9-4099-BCE0-B3FEADA342B0}
	EndGlobalSection
EndGlobal
